
Microsoft Visual Studio Solution File, Format Version 12.00
# Visual Studio 14
VisualStudioVersion = 14.0.25123.0
MinimumVisualStudioVersion = 10.0.40219.1
Project("{2150E333-8FDC-42A3-9474-1A3956D46DE8}") = "Contracts", "Contracts", "{3D61E0F8-481D-4CEB-B53B-757C0EDD56B8}"
EndProject
Project("{2150E333-8FDC-42A3-9474-1A3956D46DE8}") = "Core", "Core", "{8E9E13DB-C081-4207-9CD3-04A6EB34A39F}"
EndProject
Project("{2150E333-8FDC-42A3-9474-1A3956D46DE8}") = "DependencyInjection", "DependencyInjection", "{21E34B17-1947-4477-BFC8-859BDF577084}"
EndProject
Project("{2150E333-8FDC-42A3-9474-1A3956D46DE8}") = "Autofac", "Autofac", "{D6BA7654-EB91-459C-A729-801AE7B88174}"
EndProject
Project("{2150E333-8FDC-42A3-9474-1A3956D46DE8}") = "Core", "Core", "{4F28E015-19FF-44B7-B24A-2766765F0692}"
EndProject
Project("{2150E333-8FDC-42A3-9474-1A3956D46DE8}") = "Saga", "Saga", "{C97FCBDF-3FB2-4ABE-A4AD-0BE1C6F47948}"
EndProject
Project("{8BB2217D-0F2D-49D1-97BC-3654ED321F3B}") = "Enexure.MicroBus", "src\Enexure.MicroBus\Enexure.MicroBus.xproj", "{C6DCC744-47C4-4EB5-A734-604FDDF8A030}"
EndProject
Project("{8BB2217D-0F2D-49D1-97BC-3654ED321F3B}") = "Enexure.MicroBus.Sagas", "src\Enexure.MicroBus.Sagas\Enexure.MicroBus.Sagas.xproj", "{B7A54026-DE9C-43C4-A48C-3332C85DF3A8}"
EndProject
Project("{8BB2217D-0F2D-49D1-97BC-3654ED321F3B}") = "Enexure.MicroBus.Tests", "src\Enexure.MicroBus.Tests\Enexure.MicroBus.Tests.xproj", "{F6E6BC4E-0132-42A8-88CD-D19AAB883E89}"
EndProject
Project("{8BB2217D-0F2D-49D1-97BC-3654ED321F3B}") = "Enexure.MicroBus.Autofac.Tests", "src\Enexure.MicroBus.Autofac.Tests\Enexure.MicroBus.Autofac.Tests.xproj", "{5F84E447-8716-415D-A79B-4EA5C89AB76A}"
EndProject
Project("{8BB2217D-0F2D-49D1-97BC-3654ED321F3B}") = "Enexure.MicroBus.Autofac", "src\Enexure.MicroBus.Autofac\Enexure.MicroBus.Autofac.xproj", "{6473A166-6808-4FD8-981B-10C24CA29E97}"
EndProject
Project("{8BB2217D-0F2D-49D1-97BC-3654ED321F3B}") = "Enexure.MicroBus.Sagas.Autofac", "src\Enexure.MicroBus.Sagas.Autofac\Enexure.MicroBus.Sagas.Autofac.xproj", "{8E179892-BBEA-4F18-889A-ECBDBFD372EC}"
EndProject
Project("{8BB2217D-0F2D-49D1-97BC-3654ED321F3B}") = "Enexure.MicroBus.Sagas.Autofac.Tests", "src\Enexure.MicroBus.Saga.Autofac.Tests\Enexure.MicroBus.Sagas.Autofac.Tests.xproj", "{8653A272-5329-43DF-9BA5-CF90477241A9}"
EndProject
Project("{8BB2217D-0F2D-49D1-97BC-3654ED321F3B}") = "Enexure.MicroBus.MessageContracts", "src\Enexure.MicroBus.MessageContracts\Enexure.MicroBus.MessageContracts.xproj", "{07713AE6-D7E2-46D8-991F-F2F4969DF319}"
EndProject
Project("{8BB2217D-0F2D-49D1-97BC-3654ED321F3B}") = "Enexure.MicroBus.InfrastructureContracts", "src\Enexure.MicroBus.InfrastructureContracts\Enexure.MicroBus.InfrastructureContracts.xproj", "{9C639EBE-F047-46DE-9E2E-6378B142B9CF}"
EndProject
Global
	GlobalSection(SolutionConfigurationPlatforms) = preSolution
		Debug|Any CPU = Debug|Any CPU
		Release|Any CPU = Release|Any CPU
	EndGlobalSection
	GlobalSection(ProjectConfigurationPlatforms) = postSolution
		{C6DCC744-47C4-4EB5-A734-604FDDF8A030}.Debug|Any CPU.ActiveCfg = Debug|Any CPU
		{C6DCC744-47C4-4EB5-A734-604FDDF8A030}.Debug|Any CPU.Build.0 = Debug|Any CPU
		{C6DCC744-47C4-4EB5-A734-604FDDF8A030}.Release|Any CPU.ActiveCfg = Release|Any CPU
		{C6DCC744-47C4-4EB5-A734-604FDDF8A030}.Release|Any CPU.Build.0 = Release|Any CPU
		{B7A54026-DE9C-43C4-A48C-3332C85DF3A8}.Debug|Any CPU.ActiveCfg = Debug|Any CPU
		{B7A54026-DE9C-43C4-A48C-3332C85DF3A8}.Debug|Any CPU.Build.0 = Debug|Any CPU
		{B7A54026-DE9C-43C4-A48C-3332C85DF3A8}.Release|Any CPU.ActiveCfg = Release|Any CPU
		{B7A54026-DE9C-43C4-A48C-3332C85DF3A8}.Release|Any CPU.Build.0 = Release|Any CPU
		{F6E6BC4E-0132-42A8-88CD-D19AAB883E89}.Debug|Any CPU.ActiveCfg = Debug|Any CPU
		{F6E6BC4E-0132-42A8-88CD-D19AAB883E89}.Debug|Any CPU.Build.0 = Debug|Any CPU
		{F6E6BC4E-0132-42A8-88CD-D19AAB883E89}.Release|Any CPU.ActiveCfg = Release|Any CPU
		{F6E6BC4E-0132-42A8-88CD-D19AAB883E89}.Release|Any CPU.Build.0 = Release|Any CPU
		{5F84E447-8716-415D-A79B-4EA5C89AB76A}.Debug|Any CPU.ActiveCfg = Debug|Any CPU
		{5F84E447-8716-415D-A79B-4EA5C89AB76A}.Debug|Any CPU.Build.0 = Debug|Any CPU
		{5F84E447-8716-415D-A79B-4EA5C89AB76A}.Release|Any CPU.ActiveCfg = Release|Any CPU
		{5F84E447-8716-415D-A79B-4EA5C89AB76A}.Release|Any CPU.Build.0 = Release|Any CPU
		{6473A166-6808-4FD8-981B-10C24CA29E97}.Debug|Any CPU.ActiveCfg = Debug|Any CPU
		{6473A166-6808-4FD8-981B-10C24CA29E97}.Debug|Any CPU.Build.0 = Debug|Any CPU
		{6473A166-6808-4FD8-981B-10C24CA29E97}.Release|Any CPU.ActiveCfg = Release|Any CPU
		{6473A166-6808-4FD8-981B-10C24CA29E97}.Release|Any CPU.Build.0 = Release|Any CPU
		{8E179892-BBEA-4F18-889A-ECBDBFD372EC}.Debug|Any CPU.ActiveCfg = Debug|Any CPU
		{8E179892-BBEA-4F18-889A-ECBDBFD372EC}.Debug|Any CPU.Build.0 = Debug|Any CPU
		{8E179892-BBEA-4F18-889A-ECBDBFD372EC}.Release|Any CPU.ActiveCfg = Release|Any CPU
		{8E179892-BBEA-4F18-889A-ECBDBFD372EC}.Release|Any CPU.Build.0 = Release|Any CPU
		{8653A272-5329-43DF-9BA5-CF90477241A9}.Debug|Any CPU.ActiveCfg = Debug|Any CPU
		{8653A272-5329-43DF-9BA5-CF90477241A9}.Debug|Any CPU.Build.0 = Debug|Any CPU
		{8653A272-5329-43DF-9BA5-CF90477241A9}.Release|Any CPU.ActiveCfg = Release|Any CPU
		{8653A272-5329-43DF-9BA5-CF90477241A9}.Release|Any CPU.Build.0 = Release|Any CPU
		{07713AE6-D7E2-46D8-991F-F2F4969DF319}.Debug|Any CPU.ActiveCfg = Debug|Any CPU
		{07713AE6-D7E2-46D8-991F-F2F4969DF319}.Debug|Any CPU.Build.0 = Debug|Any CPU
		{07713AE6-D7E2-46D8-991F-F2F4969DF319}.Release|Any CPU.ActiveCfg = Release|Any CPU
		{07713AE6-D7E2-46D8-991F-F2F4969DF319}.Release|Any CPU.Build.0 = Release|Any CPU
		{9C639EBE-F047-46DE-9E2E-6378B142B9CF}.Debug|Any CPU.ActiveCfg = Debug|Any CPU
		{9C639EBE-F047-46DE-9E2E-6378B142B9CF}.Debug|Any CPU.Build.0 = Debug|Any CPU
		{9C639EBE-F047-46DE-9E2E-6378B142B9CF}.Release|Any CPU.ActiveCfg = Release|Any CPU
		{9C639EBE-F047-46DE-9E2E-6378B142B9CF}.Release|Any CPU.Build.0 = Release|Any CPU
	EndGlobalSection
	GlobalSection(SolutionProperties) = preSolution
		HideSolutionNode = FALSE
	EndGlobalSection
	GlobalSection(NestedProjects) = preSolution
		{D6BA7654-EB91-459C-A729-801AE7B88174} = {21E34B17-1947-4477-BFC8-859BDF577084}
		{4F28E015-19FF-44B7-B24A-2766765F0692} = {D6BA7654-EB91-459C-A729-801AE7B88174}
		{C97FCBDF-3FB2-4ABE-A4AD-0BE1C6F47948} = {D6BA7654-EB91-459C-A729-801AE7B88174}
		{C6DCC744-47C4-4EB5-A734-604FDDF8A030} = {8E9E13DB-C081-4207-9CD3-04A6EB34A39F}
		{B7A54026-DE9C-43C4-A48C-3332C85DF3A8} = {8E9E13DB-C081-4207-9CD3-04A6EB34A39F}
		{F6E6BC4E-0132-42A8-88CD-D19AAB883E89} = {8E9E13DB-C081-4207-9CD3-04A6EB34A39F}
		{5F84E447-8716-415D-A79B-4EA5C89AB76A} = {4F28E015-19FF-44B7-B24A-2766765F0692}
		{6473A166-6808-4FD8-981B-10C24CA29E97} = {4F28E015-19FF-44B7-B24A-2766765F0692}
		{8E179892-BBEA-4F18-889A-ECBDBFD372EC} = {C97FCBDF-3FB2-4ABE-A4AD-0BE1C6F47948}
		{8653A272-5329-43DF-9BA5-CF90477241A9} = {C97FCBDF-3FB2-4ABE-A4AD-0BE1C6F47948}
		{07713AE6-D7E2-46D8-991F-F2F4969DF319} = {3D61E0F8-481D-4CEB-B53B-757C0EDD56B8}
		{9C639EBE-F047-46DE-9E2E-6378B142B9CF} = {3D61E0F8-481D-4CEB-B53B-757C0EDD56B8}
	EndGlobalSection
EndGlobal
