
Microsoft Visual Studio Solution File, Format Version 12.00
# Visual Studio 15
VisualStudioVersion = 15.0.26430.12
MinimumVisualStudioVersion = 10.0.40219.1
Project("{2150E333-8FDC-42A3-9474-1A3956D46DE8}") = "Autofac", "Autofac", "{D6BA7654-EB91-459C-A729-801AE7B88174}"
EndProject
Project("{2150E333-8FDC-42A3-9474-1A3956D46DE8}") = ".solution", ".solution", "{6A0C66AC-AA7A-4760-83BB-3C9AD09B7744}"
EndProject
Project("{9A19103F-16F7-4668-BE54-9A1E7A4F7556}") = "Enexure.MicroBus", "src\Enexure.MicroBus\Enexure.MicroBus.csproj", "{C6DCC744-47C4-4EB5-A734-604FDDF8A030}"
EndProject
Project("{9A19103F-16F7-4668-BE54-9A1E7A4F7556}") = "Enexure.MicroBus.Sagas", "src\Enexure.MicroBus.Sagas\Enexure.MicroBus.Sagas.csproj", "{B7A54026-DE9C-43C4-A48C-3332C85DF3A8}"
EndProject
Project("{9A19103F-16F7-4668-BE54-9A1E7A4F7556}") = "Enexure.MicroBus.Tests", "src\Enexure.MicroBus.Tests\Enexure.MicroBus.Tests.csproj", "{F6E6BC4E-0132-42A8-88CD-D19AAB883E89}"
EndProject
Project("{9A19103F-16F7-4668-BE54-9A1E7A4F7556}") = "Enexure.MicroBus.Autofac.Tests", "src\Enexure.MicroBus.Autofac.Tests\Enexure.MicroBus.Autofac.Tests.csproj", "{5F84E447-8716-415D-A79B-4EA5C89AB76A}"
EndProject
Project("{9A19103F-16F7-4668-BE54-9A1E7A4F7556}") = "Enexure.MicroBus.Autofac", "src\Enexure.MicroBus.Autofac\Enexure.MicroBus.Autofac.csproj", "{6473A166-6808-4FD8-981B-10C24CA29E97}"
EndProject
Project("{9A19103F-16F7-4668-BE54-9A1E7A4F7556}") = "Enexure.MicroBus.Sagas.Autofac", "src\Enexure.MicroBus.Sagas.Autofac\Enexure.MicroBus.Sagas.Autofac.csproj", "{8E179892-BBEA-4F18-889A-ECBDBFD372EC}"
EndProject
Project("{9A19103F-16F7-4668-BE54-9A1E7A4F7556}") = "Enexure.MicroBus.MessageContracts", "src\Enexure.MicroBus.MessageContracts\Enexure.MicroBus.MessageContracts.csproj", "{07713AE6-D7E2-46D8-991F-F2F4969DF319}"
EndProject
Project("{9A19103F-16F7-4668-BE54-9A1E7A4F7556}") = "Enexure.MicroBus.InfrastructureContracts", "src\Enexure.MicroBus.InfrastructureContracts\Enexure.MicroBus.InfrastructureContracts.csproj", "{9C639EBE-F047-46DE-9E2E-6378B142B9CF}"
EndProject
Project("{9A19103F-16F7-4668-BE54-9A1E7A4F7556}") = "Enexure.MicroBus.Saga.Autofac.Tests", "src\Enexure.MicroBus.Saga.Autofac.Tests\Enexure.MicroBus.Saga.Autofac.Tests.csproj", "{0E8FB702-2652-46B2-BCC4-4D7D3FE72B17}"
EndProject
Project("{9A19103F-16F7-4668-BE54-9A1E7A4F7556}") = "Enexure.MicroBus.Sagas.Tests", "src\Enexure.MicroBus.Sagas.Tests\Enexure.MicroBus.Sagas.Tests.csproj", "{69B08C80-01A4-4ED7-B319-61C476D25F24}"
EndProject
Project("{2150E333-8FDC-42A3-9474-1A3956D46DE8}") = "MicroBus", "MicroBus", "{2C0191A8-8BF9-486E-A837-0B23F44A7BE0}"
EndProject
Project("{2150E333-8FDC-42A3-9474-1A3956D46DE8}") = "MicroBus.Sagas", "MicroBus.Sagas", "{9A654177-EDEE-4868-803C-7A083AC3C11A}"
EndProject
Project("{2150E333-8FDC-42A3-9474-1A3956D46DE8}") = "Autofac", "Autofac", "{9F35F09A-284D-4280-8213-8E36682D138C}"
EndProject
Project("{2150E333-8FDC-42A3-9474-1A3956D46DE8}") = "MicrosoftDependencyInjection", "MicrosoftDependencyInjection", "{ADB75E2F-8AC6-4FDD-B9BE-6AFBDE52EE02}"
EndProject
Project("{9A19103F-16F7-4668-BE54-9A1E7A4F7556}") = "Enexure.MicroBus.MicrosoftDependencyInjection", "src\Enexure.MicroBus.MicrosoftDependencyInjection\Enexure.MicroBus.MicrosoftDependencyInjection.csproj", "{7CA1464D-7BC4-416F-A2F2-00CC93946730}"
EndProject
Project("{9A19103F-16F7-4668-BE54-9A1E7A4F7556}") = "Enexure.MicroBus.MicrosoftDependencyInjection.Tests", "src\Enexure.MicroBus.MicrosoftDependencyInjection.Tests\Enexure.MicroBus.MicrosoftDependencyInjection.Tests.csproj", "{9C9FB5A2-BA03-4EFF-8D0F-E53E48D107BC}"
EndProject
Project("{2150E333-8FDC-42A3-9474-1A3956D46DE8}") = "StructureMap", "StructureMap", "{E502052E-C030-4051-A902-1A3E1C4D3B4D}"
EndProject
Project("{FAE04EC0-301F-11D3-BF4B-00C04F79EFBC}") = "Enexure.MicroBus.StructureMap", "Enexure.MicroBus.StructureMap\Enexure.MicroBus.StructureMap.csproj", "{20C41CB5-57A7-4BA9-85B1-994238B458D6}"
EndProject
Project("{FAE04EC0-301F-11D3-BF4B-00C04F79EFBC}") = "Enexure.MicroBus.StructureMap.Tests", "Enexure.MicroBus.StructureMap.Tests\Enexure.MicroBus.StructureMap.Tests.csproj", "{F33FE1C9-147F-46D2-8820-99BFB1A11347}"
EndProject
Global
	GlobalSection(SolutionConfigurationPlatforms) = preSolution
		Debug|Any CPU = Debug|Any CPU
		Release|Any CPU = Release|Any CPU
	EndGlobalSection
	GlobalSection(ProjectConfigurationPlatforms) = postSolution
		{C6DCC744-47C4-4EB5-A734-604FDDF8A030}.Debug|Any CPU.ActiveCfg = Debug|Any CPU
		{C6DCC744-47C4-4EB5-A734-604FDDF8A030}.Debug|Any CPU.Build.0 = Debug|Any CPU
		{C6DCC744-47C4-4EB5-A734-604FDDF8A030}.Release|Any CPU.ActiveCfg = Release|Any CPU
		{C6DCC744-47C4-4EB5-A734-604FDDF8A030}.Release|Any CPU.Build.0 = Release|Any CPU
		{B7A54026-DE9C-43C4-A48C-3332C85DF3A8}.Debug|Any CPU.ActiveCfg = Debug|Any CPU
		{B7A54026-DE9C-43C4-A48C-3332C85DF3A8}.Debug|Any CPU.Build.0 = Debug|Any CPU
		{B7A54026-DE9C-43C4-A48C-3332C85DF3A8}.Release|Any CPU.ActiveCfg = Release|Any CPU
		{B7A54026-DE9C-43C4-A48C-3332C85DF3A8}.Release|Any CPU.Build.0 = Release|Any CPU
		{F6E6BC4E-0132-42A8-88CD-D19AAB883E89}.Debug|Any CPU.ActiveCfg = Debug|Any CPU
		{F6E6BC4E-0132-42A8-88CD-D19AAB883E89}.Debug|Any CPU.Build.0 = Debug|Any CPU
		{F6E6BC4E-0132-42A8-88CD-D19AAB883E89}.Release|Any CPU.ActiveCfg = Release|Any CPU
		{F6E6BC4E-0132-42A8-88CD-D19AAB883E89}.Release|Any CPU.Build.0 = Release|Any CPU
		{5F84E447-8716-415D-A79B-4EA5C89AB76A}.Debug|Any CPU.ActiveCfg = Debug|Any CPU
		{5F84E447-8716-415D-A79B-4EA5C89AB76A}.Debug|Any CPU.Build.0 = Debug|Any CPU
		{5F84E447-8716-415D-A79B-4EA5C89AB76A}.Release|Any CPU.ActiveCfg = Release|Any CPU
		{5F84E447-8716-415D-A79B-4EA5C89AB76A}.Release|Any CPU.Build.0 = Release|Any CPU
		{6473A166-6808-4FD8-981B-10C24CA29E97}.Debug|Any CPU.ActiveCfg = Debug|Any CPU
		{6473A166-6808-4FD8-981B-10C24CA29E97}.Debug|Any CPU.Build.0 = Debug|Any CPU
		{6473A166-6808-4FD8-981B-10C24CA29E97}.Release|Any CPU.ActiveCfg = Release|Any CPU
		{6473A166-6808-4FD8-981B-10C24CA29E97}.Release|Any CPU.Build.0 = Release|Any CPU
		{8E179892-BBEA-4F18-889A-ECBDBFD372EC}.Debug|Any CPU.ActiveCfg = Debug|Any CPU
		{8E179892-BBEA-4F18-889A-ECBDBFD372EC}.Debug|Any CPU.Build.0 = Debug|Any CPU
		{8E179892-BBEA-4F18-889A-ECBDBFD372EC}.Release|Any CPU.ActiveCfg = Release|Any CPU
		{8E179892-BBEA-4F18-889A-ECBDBFD372EC}.Release|Any CPU.Build.0 = Release|Any CPU
		{07713AE6-D7E2-46D8-991F-F2F4969DF319}.Debug|Any CPU.ActiveCfg = Debug|Any CPU
		{07713AE6-D7E2-46D8-991F-F2F4969DF319}.Debug|Any CPU.Build.0 = Debug|Any CPU
		{07713AE6-D7E2-46D8-991F-F2F4969DF319}.Release|Any CPU.ActiveCfg = Release|Any CPU
		{07713AE6-D7E2-46D8-991F-F2F4969DF319}.Release|Any CPU.Build.0 = Release|Any CPU
		{9C639EBE-F047-46DE-9E2E-6378B142B9CF}.Debug|Any CPU.ActiveCfg = Debug|Any CPU
		{9C639EBE-F047-46DE-9E2E-6378B142B9CF}.Debug|Any CPU.Build.0 = Debug|Any CPU
		{9C639EBE-F047-46DE-9E2E-6378B142B9CF}.Release|Any CPU.ActiveCfg = Release|Any CPU
		{9C639EBE-F047-46DE-9E2E-6378B142B9CF}.Release|Any CPU.Build.0 = Release|Any CPU
		{0E8FB702-2652-46B2-BCC4-4D7D3FE72B17}.Debug|Any CPU.ActiveCfg = Debug|Any CPU
		{0E8FB702-2652-46B2-BCC4-4D7D3FE72B17}.Debug|Any CPU.Build.0 = Debug|Any CPU
		{0E8FB702-2652-46B2-BCC4-4D7D3FE72B17}.Release|Any CPU.ActiveCfg = Release|Any CPU
		{0E8FB702-2652-46B2-BCC4-4D7D3FE72B17}.Release|Any CPU.Build.0 = Release|Any CPU
		{69B08C80-01A4-4ED7-B319-61C476D25F24}.Debug|Any CPU.ActiveCfg = Debug|Any CPU
		{69B08C80-01A4-4ED7-B319-61C476D25F24}.Debug|Any CPU.Build.0 = Debug|Any CPU
		{69B08C80-01A4-4ED7-B319-61C476D25F24}.Release|Any CPU.ActiveCfg = Release|Any CPU
		{69B08C80-01A4-4ED7-B319-61C476D25F24}.Release|Any CPU.Build.0 = Release|Any CPU
		{7CA1464D-7BC4-416F-A2F2-00CC93946730}.Debug|Any CPU.ActiveCfg = Debug|Any CPU
		{7CA1464D-7BC4-416F-A2F2-00CC93946730}.Debug|Any CPU.Build.0 = Debug|Any CPU
		{7CA1464D-7BC4-416F-A2F2-00CC93946730}.Release|Any CPU.ActiveCfg = Release|Any CPU
		{7CA1464D-7BC4-416F-A2F2-00CC93946730}.Release|Any CPU.Build.0 = Release|Any CPU
		{9C9FB5A2-BA03-4EFF-8D0F-E53E48D107BC}.Debug|Any CPU.ActiveCfg = Debug|Any CPU
		{9C9FB5A2-BA03-4EFF-8D0F-E53E48D107BC}.Debug|Any CPU.Build.0 = Debug|Any CPU
		{9C9FB5A2-BA03-4EFF-8D0F-E53E48D107BC}.Release|Any CPU.ActiveCfg = Release|Any CPU
		{9C9FB5A2-BA03-4EFF-8D0F-E53E48D107BC}.Release|Any CPU.Build.0 = Release|Any CPU
		{20C41CB5-57A7-4BA9-85B1-994238B458D6}.Debug|Any CPU.ActiveCfg = Debug|Any CPU
		{20C41CB5-57A7-4BA9-85B1-994238B458D6}.Debug|Any CPU.Build.0 = Debug|Any CPU
		{20C41CB5-57A7-4BA9-85B1-994238B458D6}.Release|Any CPU.ActiveCfg = Release|Any CPU
		{20C41CB5-57A7-4BA9-85B1-994238B458D6}.Release|Any CPU.Build.0 = Release|Any CPU
		{F33FE1C9-147F-46D2-8820-99BFB1A11347}.Debug|Any CPU.ActiveCfg = Debug|Any CPU
		{F33FE1C9-147F-46D2-8820-99BFB1A11347}.Debug|Any CPU.Build.0 = Debug|Any CPU
		{F33FE1C9-147F-46D2-8820-99BFB1A11347}.Release|Any CPU.ActiveCfg = Release|Any CPU
		{F33FE1C9-147F-46D2-8820-99BFB1A11347}.Release|Any CPU.Build.0 = Release|Any CPU
	EndGlobalSection
	GlobalSection(SolutionProperties) = preSolution
		HideSolutionNode = FALSE
	EndGlobalSection
	GlobalSection(NestedProjects) = preSolution
		{D6BA7654-EB91-459C-A729-801AE7B88174} = {2C0191A8-8BF9-486E-A837-0B23F44A7BE0}
		{C6DCC744-47C4-4EB5-A734-604FDDF8A030} = {2C0191A8-8BF9-486E-A837-0B23F44A7BE0}
		{B7A54026-DE9C-43C4-A48C-3332C85DF3A8} = {9A654177-EDEE-4868-803C-7A083AC3C11A}
		{F6E6BC4E-0132-42A8-88CD-D19AAB883E89} = {2C0191A8-8BF9-486E-A837-0B23F44A7BE0}
		{5F84E447-8716-415D-A79B-4EA5C89AB76A} = {D6BA7654-EB91-459C-A729-801AE7B88174}
		{6473A166-6808-4FD8-981B-10C24CA29E97} = {D6BA7654-EB91-459C-A729-801AE7B88174}
		{8E179892-BBEA-4F18-889A-ECBDBFD372EC} = {9F35F09A-284D-4280-8213-8E36682D138C}
		{07713AE6-D7E2-46D8-991F-F2F4969DF319} = {2C0191A8-8BF9-486E-A837-0B23F44A7BE0}
		{9C639EBE-F047-46DE-9E2E-6378B142B9CF} = {2C0191A8-8BF9-486E-A837-0B23F44A7BE0}
		{0E8FB702-2652-46B2-BCC4-4D7D3FE72B17} = {9F35F09A-284D-4280-8213-8E36682D138C}
		{69B08C80-01A4-4ED7-B319-61C476D25F24} = {9A654177-EDEE-4868-803C-7A083AC3C11A}
		{9F35F09A-284D-4280-8213-8E36682D138C} = {9A654177-EDEE-4868-803C-7A083AC3C11A}
		{ADB75E2F-8AC6-4FDD-B9BE-6AFBDE52EE02} = {2C0191A8-8BF9-486E-A837-0B23F44A7BE0}
		{7CA1464D-7BC4-416F-A2F2-00CC93946730} = {ADB75E2F-8AC6-4FDD-B9BE-6AFBDE52EE02}
		{9C9FB5A2-BA03-4EFF-8D0F-E53E48D107BC} = {ADB75E2F-8AC6-4FDD-B9BE-6AFBDE52EE02}
		{E502052E-C030-4051-A902-1A3E1C4D3B4D} = {2C0191A8-8BF9-486E-A837-0B23F44A7BE0}
		{20C41CB5-57A7-4BA9-85B1-994238B458D6} = {E502052E-C030-4051-A902-1A3E1C4D3B4D}
		{F33FE1C9-147F-46D2-8820-99BFB1A11347} = {E502052E-C030-4051-A902-1A3E1C4D3B4D}
	EndGlobalSection
EndGlobal
